{
  "object": {
    "pins": [
      {
        "package": "AssessmentModel",
        "repositoryURL": "https://github.com/Sage-Bionetworks/AssessmentModelKMM.git",
        "state": {
          "branch": null,
          "revision": "1437760623f6a1c4c5c57b1bfea12aa963fa7b82",
          "version": "0.5.4"
        }
      },
      {
        "package": "JsonModel",
        "repositoryURL": "https://github.com/Sage-Bionetworks/JsonModel-Swift.git",
        "state": {
          "branch": null,
          "revision": "b4f068b1e85564aa00ead449009ace5d31cc8b2a",
          "version": "1.4.1"
        }
      },
      {
        "package": "MobilePassiveData",
        "repositoryURL": "https://github.com/Sage-Bionetworks/MobilePassiveData-SDK.git",
        "state": {
          "branch": null,
          "revision": "4e80f853bbe1a4103fe5dbd1d0340a2c491cea3d",
          "version": "2.0.3"
        }
      }
    ]
  },
  "version": 1
}
