{
  "object": {
    "pins": [
      {
        "package": "AssessmentModel",
        "repositoryURL": "https://github.com/Sage-Bionetworks/AssessmentModelKMM.git",
        "state": {
          "branch": null,
          "revision": "b0c48b8f17655344593183139ddbc1fcb18477e4",
          "version": "0.5.2"
        }
      },
      {
        "package": "JsonModel",
        "repositoryURL": "https://github.com/Sage-Bionetworks/JsonModel-Swift.git",
        "state": {
          "branch": null,
          "revision": "c94dacea70be6d1506c3a177dd4c10a857606782",
          "version": "2.0.0"
        }
      },
      {
        "package": "MobilePassiveData",
        "repositoryURL": "https://github.com/Sage-Bionetworks/MobilePassiveData-SDK.git",
        "state": {
          "branch": null,
          "revision": "55870886944594c3eb18abe4c370d7c5efab3bca",
          "version": "2.0.1"
        }
      }
    ]
  },
  "version": 1
}
